PODS:
  - SDWebImage (5.9.4):
    - SDWebImage/Core (= 5.9.4)
  - SDWebImage/Core (5.9.4)

DEPENDENCIES:
  - SDWebImage (~> 5.0)

SPEC REPOS:
  trunk:
    - SDWebImage

SPEC CHECKSUMS:
  SDWebImage: b69257f4ab14e9b6a2ef53e910fdf914d8f757c1

PODFILE CHECKSUM: f234725899f57c8000e23829ffaadc0c8668daa7

COCOAPODS: 1.10.0
