// !$*UTF8*$!
{
	archiveVersion = 1;
	classes = {
	};
	objectVersion = 50;
	objects = {

/* Begin PBXBuildFile section */
		A5535580258CD4C50071CE72 /* AppDelegate.swift in Sources */ = {isa = PBXBuildFile; fileRef = A553557F258CD4C50071CE72 /* AppDelegate.swift */; };
		A5535582258CD4C50071CE72 /* SceneDelegate.swift in Sources */ = {isa = PBXBuildFile; fileRef = A5535581258CD4C50071CE72 /* SceneDelegate.swift */; };
		A5535584258CD4C50071CE72 /* PlacesViewController.swift in Sources */ = {isa = PBXBuildFile; fileRef = A5535583258CD4C50071CE72 /* PlacesViewController.swift */; };
		A5535587258CD4C50071CE72 /* Main.storyboard in Resources */ = {isa = PBXBuildFile; fileRef = A5535585258CD4C50071CE72 /* Main.storyboard */; };
		A5535589258CD4C60071CE72 /* Assets.xcassets in Resources */ = {isa = PBXBuildFile; fileRef = A5535588258CD4C60071CE72 /* Assets.xcassets */; };
		A553558C258CD4C60071CE72 /* LaunchScreen.storyboard in Resources */ = {isa = PBXBuildFile; fileRef = A553558A258CD4C60071CE72 /* LaunchScreen.storyboard */; };
/* End PBXBuildFile section */

/* Begin PBXFileReference section */
		A553557C258CD4C50071CE72 /* LocationAt App.app */ = {isa = PBXFileReference; explicitFileType = wrapper.application; includeInIndex = 0; path = "LocationAt App.app"; sourceTree = BUILT_PRODUCTS_DIR; };
		A553557F258CD4C50071CE72 /* AppDelegate.swift */ = {isa = PBXFileReference; lastKnownFileType = sourcecode.swift; path = AppDelegate.swift; sourceTree = "<group>"; };
		A5535581258CD4C50071CE72 /* SceneDelegate.swift */ = {isa = PBXFileReference; lastKnownFileType = sourcecode.swift; path = SceneDelegate.swift; sourceTree = "<group>"; };
		A5535583258CD4C50071CE72 /* PlacesViewController.swift */ = {isa = PBXFileReference; lastKnownFileType = sourcecode.swift; path = PlacesViewController.swift; sourceTree = "<group>"; };
		A5535586258CD4C50071CE72 /* Base */ = {isa = PBXFileReference; lastKnownFileType = file.storyboard; name = Base; path = Base.lproj/Main.storyboard; sourceTree = "<group>"; };
		A5535588258CD4C60071CE72 /* Assets.xcassets */ = {isa = PBXFileReference; lastKnownFileType = folder.assetcatalog; path = Assets.xcassets; sourceTree = "<group>"; };
		A553558B258CD4C60071CE72 /* Base */ = {isa = PBXFileReference; lastKnownFileType = file.storyboard; name = Base; path = Base.lproj/LaunchScreen.storyboard; sourceTree = "<group>"; };
		A553558D258CD4C60071CE72 /* Info.plist */ = {isa = PBXFileReference; lastKnownFileType = text.plist.xml; path = Info.plist; sourceTree = "<group>"; };
/* End PBXFileReference section */

/* Begin PBXFrameworksBuildPhase section */
		A5535579258CD4C50071CE72 /* Frameworks */ = {
			isa = PBXFrameworksBuildPhase;
			buildActionMask = 2147483647;
			files = (
			);
			runOnlyForDeploymentPostprocessing = 0;
		};
/* End PBXFrameworksBuildPhase section */

/* Begin PBXGroup section */
		A5535573258CD4C50071CE72 = {
			isa = PBXGroup;
			children = (
				A553557E258CD4C50071CE72 /* LocationAt App */,
				A553557D258CD4C50071CE72 /* Products */,
			);
			sourceTree = "<group>";
		};
		A553557D258CD4C50071CE72 /* Products */ = {
			isa = PBXGroup;
			children = (
				A553557C258CD4C50071CE72 /* LocationAt App.app */,
			);
			name = Products;
			sourceTree = "<group>";
		};
		A553557E258CD4C50071CE72 /* LocationAt App */ = {
			isa = PBXGroup;
			children = (
				A553557F258CD4C50071CE72 /* AppDelegate.swift */,
				A5535581258CD4C50071CE72 /* SceneDelegate.swift */,
				A55355C0258D1DEF0071CE72 /* Model */,
				A55355C1258D1DFE0071CE72 /* View */,
				A55355BF258D1DE20071CE72 /* Controller */,
				A55355C3258D1E260071CE72 /* Storyboard */,
				A5535588258CD4C60071CE72 /* Assets.xcassets */,
				A553558D258CD4C60071CE72 /* Info.plist */,
			);
			path = "LocationAt App";
			sourceTree = "<group>";
		};
		A55355BF258D1DE20071CE72 /* Controller */ = {
			isa = PBXGroup;
			children = (
				A5535583258CD4C50071CE72 /* PlacesViewController.swift */,
			);
			path = Controller;
			sourceTree = "<group>";
		};
		A55355C0258D1DEF0071CE72 /* Model */ = {
			isa = PBXGroup;
			children = (
			);
			path = Model;
			sourceTree = "<group>";
		};
		A55355C1258D1DFE0071CE72 /* View */ = {
			isa = PBXGroup;
			children = (
			);
			path = View;
			sourceTree = "<group>";
		};
		A55355C3258D1E260071CE72 /* Storyboard */ = {
			isa = PBXGroup;
			children = (
				A5535585258CD4C50071CE72 /* Main.storyboard */,
				A553558A258CD4C60071CE72 /* LaunchScreen.storyboard */,
			);
			path = Storyboard;
			sourceTree = "<group>";
		};
/* End PBXGroup section */

/* Begin PBXNativeTarget section */
		A553557B258CD4C50071CE72 /* LocationAt App */ = {
			isa = PBXNativeTarget;
			buildConfigurationList = A5535590258CD4C60071CE72 /* Build configuration list for PBXNativeTarget "LocationAt App" */;
			buildPhases = (
				A5535578258CD4C50071CE72 /* Sources */,
				A5535579258CD4C50071CE72 /* Frameworks */,
				A553557A258CD4C50071CE72 /* Resources */,
			);
			buildRules = (
			);
			dependencies = (
			);
			name = "LocationAt App";
			productName = "LocationAt App";
			productReference = A553557C258CD4C50071CE72 /* LocationAt App.app */;
			productType = "com.apple.product-type.application";
		};
/* End PBXNativeTarget section */

/* Begin PBXProject section */
		A5535574258CD4C50071CE72 /* Project object */ = {
			isa = PBXProject;
			attributes = {
				LastSwiftUpdateCheck = 1200;
				LastUpgradeCheck = 1200;
				TargetAttributes = {
					A553557B258CD4C50071CE72 = {
						CreatedOnToolsVersion = 12.0.1;
					};
				};
			};
			buildConfigurationList = A5535577258CD4C50071CE72 /* Build configuration list for PBXProject "LocationAt App" */;
			compatibilityVersion = "Xcode 9.3";
			developmentRegion = en;
			hasScannedForEncodings = 0;
			knownRegions = (
				en,
				Base,
			);
			mainGroup = A5535573258CD4C50071CE72;
			productRefGroup = A553557D258CD4C50071CE72 /* Products */;
			projectDirPath = "";
			projectRoot = "";
			targets = (
				A553557B258CD4C50071CE72 /* LocationAt App */,
			);
		};
/* End PBXProject section */

/* Begin PBXResourcesBuildPhase section */
		A553557A258CD4C50071CE72 /* Resources */ = {
			isa = PBXResourcesBuildPhase;
			buildActionMask = 2147483647;
			files = (
				A553558C258CD4C60071CE72 /* LaunchScreen.storyboard in Resources */,
				A5535589258CD4C60071CE72 /* Assets.xcassets in Resources */,
				A5535587258CD4C50071CE72 /* Main.storyboard in Resources */,
			);
			runOnlyForDeploymentPostprocessing = 0;
		};
/* End PBXResourcesBuildPhase section */

/* Begin PBXSourcesBuildPhase section */
		A5535578258CD4C50071CE72 /* Sources */ = {
			isa = PBXSourcesBuildPhase;
			buildActionMask = 2147483647;
			files = (
				A5535584258CD4C50071CE72 /* PlacesViewController.swift in Sources */,
				A5535580258CD4C50071CE72 /* AppDelegate.swift in Sources */,
				A5535582258CD4C50071CE72 /* SceneDelegate.swift in Sources */,
			);
			runOnlyForDeploymentPostprocessing = 0;
		};
/* End PBXSourcesBuildPhase section */

/* Begin PBXVariantGroup section */
		A5535585258CD4C50071CE72 /* Main.storyboard */ = {
			isa = PBXVariantGroup;
			children = (
				A5535586258CD4C50071CE72 /* Base */,
			);
			name = Main.storyboard;
			sourceTree = "<group>";
		};
		A553558A258CD4C60071CE72 /* LaunchScreen.storyboard */ = {
			isa = PBXVariantGroup;
			children = (
				A553558B258CD4C60071CE72 /* Base */,
			);
			name = LaunchScreen.storyboard;
			sourceTree = "<group>";
		};
/* End PBXVariantGroup section */

/* Begin XCBuildConfiguration section */
		A553558E258CD4C60071CE72 /* Debug */ = {
			isa = XCBuildConfiguration;
			buildSettings = {
				ALWAYS_SEARCH_USER_PATHS = NO;
				CLANG_ANALYZER_NONNULL = YES;
				CLANG_ANALYZER_NUMBER_OBJECT_CONVERSION = YES_AGGRESSIVE;
				CLANG_CXX_LANGUAGE_STANDARD = "gnu++14";
				CLANG_CXX_LIBRARY = "libc++";
				CLANG_ENABLE_MODULES = YES;
				CLANG_ENABLE_OBJC_ARC = YES;
				CLANG_ENABLE_OBJC_WEAK = YES;
				CLANG_WARN_BLOCK_CAPTURE_AUTORELEASING = YES;
				CLANG_WARN_BOOL_CONVERSION = YES;
				CLANG_WARN_COMMA = YES;
				CLANG_WARN_CONSTANT_CONVERSION = YES;
				CLANG_WARN_DEPRECATED_OBJC_IMPLEMENTATIONS = YES;
				CLANG_WARN_DIRECT_OBJC_ISA_USAGE = YES_ERROR;
				CLANG_WARN_DOCUMENTATION_COMMENTS = YES;
				CLANG_WARN_EMPTY_BODY = YES;
				CLANG_WARN_ENUM_CONVERSION = YES;
				CLANG_WARN_INFINITE_RECURSION = YES;
				CLANG_WARN_INT_CONVERSION = YES;
				CLANG_WARN_NON_LITERAL_NULL_CONVERSION = YES;
				CLANG_WARN_OBJC_IMPLICIT_RETAIN_SELF = YES;
				CLANG_WARN_OBJC_LITERAL_CONVERSION = YES;
				CLANG_WARN_OBJC_ROOT_CLASS = YES_ERROR;
				CLANG_WARN_QUOTED_INCLUDE_IN_FRAMEWORK_HEADER = YES;
				CLANG_WARN_RANGE_LOOP_ANALYSIS = YES;
				CLANG_WARN_STRICT_PROTOTYPES = YES;
				CLANG_WARN_SUSPICIOUS_MOVE = YES;
				CLANG_WARN_UNGUARDED_AVAILABILITY = YES_AGGRESSIVE;
				CLANG_WARN_UNREACHABLE_CODE = YES;
				CLANG_WARN__DUPLICATE_METHOD_MATCH = YES;
				COPY_PHASE_STRIP = NO;
				DEBUG_INFORMATION_FORMAT = dwarf;
				ENABLE_STRICT_OBJC_MSGSEND = YES;
				ENABLE_TESTABILITY = YES;
				GCC_C_LANGUAGE_STANDARD = gnu11;
				GCC_DYNAMIC_NO_PIC = NO;
				GCC_NO_COMMON_BLOCKS = YES;
				GCC_OPTIMIZATION_LEVEL = 0;
				GCC_PREPROCESSOR_DEFINITIONS = (
					"DEBUG=1",
					"$(inherited)",
				);
				GCC_WARN_64_TO_32_BIT_CONVERSION = YES;
				GCC_WARN_ABOUT_RETURN_TYPE = YES_ERROR;
				GCC_WARN_UNDECLARED_SELECTOR = YES;
				GCC_WARN_UNINITIALIZED_AUTOS = YES_AGGRESSIVE;
				GCC_WARN_UNUSED_FUNCTION = YES;
				GCC_WARN_UNUSED_VARIABLE = YES;
				IPHONEOS_DEPLOYMENT_TARGET = 14.0;
				MTL_ENABLE_DEBUG_INFO = INCLUDE_SOURCE;
				MTL_FAST_MATH = YES;
				ONLY_ACTIVE_ARCH = YES;
				SDKROOT = iphoneos;
				SWIFT_ACTIVE_COMPILATION_CONDITIONS = DEBUG;
				SWIFT_OPTIMIZATION_LEVEL = "-Onone";
			};
			name = Debug;
		};
		A553558F258CD4C60071CE72 /* Release */ = {
			isa = XCBuildConfiguration;
			buildSettings = {
				ALWAYS_SEARCH_USER_PATHS = NO;
				CLANG_ANALYZER_NONNULL = YES;
				CLANG_ANALYZER_NUMBER_OBJECT_CONVERSION = YES_AGGRESSIVE;
				CLANG_CXX_LANGUAGE_STANDARD = "gnu++14";
				CLANG_CXX_LIBRARY = "libc++";
				CLANG_ENABLE_MODULES = YES;
				CLANG_ENABLE_OBJC_ARC = YES;
				CLANG_ENABLE_OBJC_WEAK = YES;
				CLANG_WARN_BLOCK_CAPTURE_AUTORELEASING = YES;
				CLANG_WARN_BOOL_CONVERSION = YES;
				CLANG_WARN_COMMA = YES;
				CLANG_WARN_CONSTANT_CONVERSION = YES;
				CLANG_WARN_DEPRECATED_OBJC_IMPLEMENTATIONS = YES;
				CLANG_WARN_DIRECT_OBJC_ISA_USAGE = YES_ERROR;
				CLANG_WARN_DOCUMENTATION_COMMENTS = YES;
				CLANG_WARN_EMPTY_BODY = YES;
				CLANG_WARN_ENUM_CONVERSION = YES;
				CLANG_WARN_INFINITE_RECURSION = YES;
				CLANG_WARN_INT_CONVERSION = YES;
				CLANG_WARN_NON_LITERAL_NULL_CONVERSION = YES;
				CLANG_WARN_OBJC_IMPLICIT_RETAIN_SELF = YES;
				CLANG_WARN_OBJC_LITERAL_CONVERSION = YES;
				CLANG_WARN_OBJC_ROOT_CLASS = YES_ERROR;
				CLANG_WARN_QUOTED_INCLUDE_IN_FRAMEWORK_HEADER = YES;
				CLANG_WARN_RANGE_LOOP_ANALYSIS = YES;
				CLANG_WARN_STRICT_PROTOTYPES = YES;
				CLANG_WARN_SUSPICIOUS_MOVE = YES;
				CLANG_WARN_UNGUARDED_AVAILABILITY = YES_AGGRESSIVE;
				CLANG_WARN_UNREACHABLE_CODE = YES;
				CLANG_WARN__DUPLICATE_METHOD_MATCH = YES;
				COPY_PHASE_STRIP = NO;
				DEBUG_INFORMATION_FORMAT = "dwarf-with-dsym";
				ENABLE_NS_ASSERTIONS = NO;
				ENABLE_STRICT_OBJC_MSGSEND = YES;
				GCC_C_LANGUAGE_STANDARD = gnu11;
				GCC_NO_COMMON_BLOCKS = YES;
				GCC_WARN_64_TO_32_BIT_CONVERSION = YES;
				GCC_WARN_ABOUT_RETURN_TYPE = YES_ERROR;
				GCC_WARN_UNDECLARED_SELECTOR = YES;
				GCC_WARN_UNINITIALIZED_AUTOS = YES_AGGRESSIVE;
				GCC_WARN_UNUSED_FUNCTION = YES;
				GCC_WARN_UNUSED_VARIABLE = YES;
				IPHONEOS_DEPLOYMENT_TARGET = 14.0;
				MTL_ENABLE_DEBUG_INFO = NO;
				MTL_FAST_MATH = YES;
				SDKROOT = iphoneos;
				SWIFT_COMPILATION_MODE = wholemodule;
				SWIFT_OPTIMIZATION_LEVEL = "-O";
				VALIDATE_PRODUCT = YES;
			};
			name = Release;
		};
		A5535591258CD4C60071CE72 /* Debug */ = {
			isa = XCBuildConfiguration;
			buildSettings = {
				ASSETCATALOG_COMPILER_APPICON_NAME = AppIcon;
				ASSETCATALOG_COMPILER_GLOBAL_ACCENT_COLOR_NAME = AccentColor;
				CODE_SIGN_STYLE = Automatic;
				DEVELOPMENT_TEAM = 6W4MA25Y33;
				INFOPLIST_FILE = "LocationAt App/Info.plist";
				LD_RUNPATH_SEARCH_PATHS = (
					"$(inherited)",
					"@executable_path/Frameworks",
				);
				PRODUCT_BUNDLE_IDENTIFIER = "com.jawaLed.LocationAt-App";
				PRODUCT_NAME = "$(TARGET_NAME)";
				SWIFT_VERSION = 5.0;
				TARGETED_DEVICE_FAMILY = "1,2";
			};
			name = Debug;
		};
		A5535592258CD4C60071CE72 /* Release */ = {
			isa = XCBuildConfiguration;
			buildSettings = {
				ASSETCATALOG_COMPILER_APPICON_NAME = AppIcon;
				ASSETCATALOG_COMPILER_GLOBAL_ACCENT_COLOR_NAME = AccentColor;
				CODE_SIGN_STYLE = Automatic;
				DEVELOPMENT_TEAM = 6W4MA25Y33;
				INFOPLIST_FILE = "LocationAt App/Info.plist";
				LD_RUNPATH_SEARCH_PATHS = (
					"$(inherited)",
					"@executable_path/Frameworks",
				);
				PRODUCT_BUNDLE_IDENTIFIER = "com.jawaLed.LocationAt-App";
				PRODUCT_NAME = "$(TARGET_NAME)";
				SWIFT_VERSION = 5.0;
				TARGETED_DEVICE_FAMILY = "1,2";
			};
			name = Release;
		};
/* End XCBuildConfiguration section */

/* Begin XCConfigurationList section */
		A5535577258CD4C50071CE72 /* Build configuration list for PBXProject "LocationAt App" */ = {
			isa = XCConfigurationList;
			buildConfigurations = (
				A553558E258CD4C60071CE72 /* Debug */,
				A553558F258CD4C60071CE72 /* Release */,
			);
			defaultConfigurationIsVisible = 0;
			defaultConfigurationName = Release;
		};
		A5535590258CD4C60071CE72 /* Build configuration list for PBXNativeTarget "LocationAt App" */ = {
			isa = XCConfigurationList;
			buildConfigurations = (
				A5535591258CD4C60071CE72 /* Debug */,
				A5535592258CD4C60071CE72 /* Release */,
			);
			defaultConfigurationIsVisible = 0;
			defaultConfigurationName = Release;
		};
/* End XCConfigurationList section */
	};
	rootObject = A5535574258CD4C50071CE72 /* Project object */;
}
