// !$*UTF8*$!
{
	archiveVersion = 1;
	classes = {
	};
	objectVersion = 51;
	objects = {

/* Begin PBXBuildFile section */
		27B9EBFB42D443E104F72863 /* Pods_LocationAt_App.framework in Frameworks */ = {isa = PBXBuildFile; fileRef = 7C358719C5A25A5C2F7FC4C6 /* Pods_LocationAt_App.framework */; };
		A51BDE96258FAE84003099A8 /* PlacesViewController + GetLocation.swift in Sources */ = {isa = PBXBuildFile; fileRef = A51BDE95258FAE84003099A8 /* PlacesViewController + GetLocation.swift */; };
		A51BDE9C258FB220003099A8 /* PlacesViewController + Searching.swift in Sources */ = {isa = PBXBuildFile; fileRef = A51BDE9B258FB220003099A8 /* PlacesViewController + Searching.swift */; };
		A51BDE9F258FB27D003099A8 /* PlacesViewController + CollectionViews.swift in Sources */ = {isa = PBXBuildFile; fileRef = A51BDE9E258FB27D003099A8 /* PlacesViewController + CollectionViews.swift */; };
		A51BDEC0259133BB003099A8 /* DetailsViewController.swift in Sources */ = {isa = PBXBuildFile; fileRef = A51BDEBF259133BB003099A8 /* DetailsViewController.swift */; };
		A5535580258CD4C50071CE72 /* AppDelegate.swift in Sources */ = {isa = PBXBuildFile; fileRef = A553557F258CD4C50071CE72 /* AppDelegate.swift */; };
		A5535582258CD4C50071CE72 /* SceneDelegate.swift in Sources */ = {isa = PBXBuildFile; fileRef = A5535581258CD4C50071CE72 /* SceneDelegate.swift */; };
		A5535584258CD4C50071CE72 /* PlacesViewController.swift in Sources */ = {isa = PBXBuildFile; fileRef = A5535583258CD4C50071CE72 /* PlacesViewController.swift */; };
		A5535587258CD4C50071CE72 /* Main.storyboard in Resources */ = {isa = PBXBuildFile; fileRef = A5535585258CD4C50071CE72 /* Main.storyboard */; };
		A5535589258CD4C60071CE72 /* Assets.xcassets in Resources */ = {isa = PBXBuildFile; fileRef = A5535588258CD4C60071CE72 /* Assets.xcassets */; };
		A553558C258CD4C60071CE72 /* LaunchScreen.storyboard in Resources */ = {isa = PBXBuildFile; fileRef = A553558A258CD4C60071CE72 /* LaunchScreen.storyboard */; };
		A55355C7258D21B20071CE72 /* PlacesCell.swift in Sources */ = {isa = PBXBuildFile; fileRef = A55355C6258D21B20071CE72 /* PlacesCell.swift */; };
		A55355CA258D22630071CE72 /* CategoriesCell.swift in Sources */ = {isa = PBXBuildFile; fileRef = A55355C9258D22630071CE72 /* CategoriesCell.swift */; };
		A55355CD258D2A240071CE72 /* SearchBar.swift in Sources */ = {isa = PBXBuildFile; fileRef = A55355CC258D2A240071CE72 /* SearchBar.swift */; };
		A55355D2258E193E0071CE72 /* Places.swift in Sources */ = {isa = PBXBuildFile; fileRef = A55355D1258E193E0071CE72 /* Places.swift */; };
		A55355D5258E19ED0071CE72 /* NetworkService.swift in Sources */ = {isa = PBXBuildFile; fileRef = A55355D4258E19ED0071CE72 /* NetworkService.swift */; };
		A57FB97525920F82005817FE /* Weather.swift in Sources */ = {isa = PBXBuildFile; fileRef = A57FB97425920F82005817FE /* Weather.swift */; };
		A57FB97A2592201C005817FE /* Constants.swift in Sources */ = {isa = PBXBuildFile; fileRef = A57FB9792592201C005817FE /* Constants.swift */; };
/* End PBXBuildFile section */

/* Begin PBXFileReference section */
		11872E13D3D88C75573E2439 /* Pods-LocationAt App.release.xcconfig */ = {isa = PBXFileReference; includeInIndex = 1; lastKnownFileType = text.xcconfig; name = "Pods-LocationAt App.release.xcconfig"; path = "Target Support Files/Pods-LocationAt App/Pods-LocationAt App.release.xcconfig"; sourceTree = "<group>"; };
		7C358719C5A25A5C2F7FC4C6 /* Pods_LocationAt_App.framework */ = {isa = PBXFileReference; explicitFileType = wrapper.framework; includeInIndex = 0; path = Pods_LocationAt_App.framework; sourceTree = BUILT_PRODUCTS_DIR; };
		A51BDE95258FAE84003099A8 /* PlacesViewController + GetLocation.swift */ = {isa = PBXFileReference; lastKnownFileType = sourcecode.swift; path = "PlacesViewController + GetLocation.swift"; sourceTree = "<group>"; };
		A51BDE9B258FB220003099A8 /* PlacesViewController + Searching.swift */ = {isa = PBXFileReference; lastKnownFileType = sourcecode.swift; path = "PlacesViewController + Searching.swift"; sourceTree = "<group>"; };
		A51BDE9E258FB27D003099A8 /* PlacesViewController + CollectionViews.swift */ = {isa = PBXFileReference; lastKnownFileType = sourcecode.swift; path = "PlacesViewController + CollectionViews.swift"; sourceTree = "<group>"; };
		A51BDEBF259133BB003099A8 /* DetailsViewController.swift */ = {isa = PBXFileReference; lastKnownFileType = sourcecode.swift; path = DetailsViewController.swift; sourceTree = "<group>"; };
		A553557C258CD4C50071CE72 /* LocationAt App.app */ = {isa = PBXFileReference; explicitFileType = wrapper.application; includeInIndex = 0; path = "LocationAt App.app"; sourceTree = BUILT_PRODUCTS_DIR; };
		A553557F258CD4C50071CE72 /* AppDelegate.swift */ = {isa = PBXFileReference; lastKnownFileType = sourcecode.swift; path = AppDelegate.swift; sourceTree = "<group>"; };
		A5535581258CD4C50071CE72 /* SceneDelegate.swift */ = {isa = PBXFileReference; lastKnownFileType = sourcecode.swift; path = SceneDelegate.swift; sourceTree = "<group>"; };
		A5535583258CD4C50071CE72 /* PlacesViewController.swift */ = {isa = PBXFileReference; lastKnownFileType = sourcecode.swift; path = PlacesViewController.swift; sourceTree = "<group>"; };
		A5535586258CD4C50071CE72 /* Base */ = {isa = PBXFileReference; lastKnownFileType = file.storyboard; name = Base; path = Base.lproj/Main.storyboard; sourceTree = "<group>"; };
		A5535588258CD4C60071CE72 /* Assets.xcassets */ = {isa = PBXFileReference; lastKnownFileType = folder.assetcatalog; path = Assets.xcassets; sourceTree = "<group>"; };
		A553558B258CD4C60071CE72 /* Base */ = {isa = PBXFileReference; lastKnownFileType = file.storyboard; name = Base; path = Base.lproj/LaunchScreen.storyboard; sourceTree = "<group>"; };
		A553558D258CD4C60071CE72 /* Info.plist */ = {isa = PBXFileReference; lastKnownFileType = text.plist.xml; path = Info.plist; sourceTree = "<group>"; };
		A55355C6258D21B20071CE72 /* PlacesCell.swift */ = {isa = PBXFileReference; lastKnownFileType = sourcecode.swift; path = PlacesCell.swift; sourceTree = "<group>"; };
		A55355C9258D22630071CE72 /* CategoriesCell.swift */ = {isa = PBXFileReference; lastKnownFileType = sourcecode.swift; path = CategoriesCell.swift; sourceTree = "<group>"; };
		A55355CC258D2A240071CE72 /* SearchBar.swift */ = {isa = PBXFileReference; lastKnownFileType = sourcecode.swift; path = SearchBar.swift; sourceTree = "<group>"; };
		A55355D1258E193E0071CE72 /* Places.swift */ = {isa = PBXFileReference; lastKnownFileType = sourcecode.swift; path = Places.swift; sourceTree = "<group>"; };
		A55355D4258E19ED0071CE72 /* NetworkService.swift */ = {isa = PBXFileReference; lastKnownFileType = sourcecode.swift; path = NetworkService.swift; sourceTree = "<group>"; };
		A57FB97425920F82005817FE /* Weather.swift */ = {isa = PBXFileReference; lastKnownFileType = sourcecode.swift; path = Weather.swift; sourceTree = "<group>"; };
		A57FB9792592201C005817FE /* Constants.swift */ = {isa = PBXFileReference; lastKnownFileType = sourcecode.swift; path = Constants.swift; sourceTree = "<group>"; };
		D36278B838068310A650C83D /* Pods-LocationAt App.debug.xcconfig */ = {isa = PBXFileReference; includeInIndex = 1; lastKnownFileType = text.xcconfig; name = "Pods-LocationAt App.debug.xcconfig"; path = "Target Support Files/Pods-LocationAt App/Pods-LocationAt App.debug.xcconfig"; sourceTree = "<group>"; };
/* End PBXFileReference section */

/* Begin PBXFrameworksBuildPhase section */
		A5535579258CD4C50071CE72 /* Frameworks */ = {
			isa = PBXFrameworksBuildPhase;
			buildActionMask = 2147483647;
			files = (
				27B9EBFB42D443E104F72863 /* Pods_LocationAt_App.framework in Frameworks */,
			);
			runOnlyForDeploymentPostprocessing = 0;
		};
/* End PBXFrameworksBuildPhase section */

/* Begin PBXGroup section */
		2945145D3AED68E8F312C8B9 /* Frameworks */ = {
			isa = PBXGroup;
			children = (
				7C358719C5A25A5C2F7FC4C6 /* Pods_LocationAt_App.framework */,
			);
			name = Frameworks;
			sourceTree = "<group>";
		};
		70529EA309D3A3020DCABA52 /* Pods */ = {
			isa = PBXGroup;
			children = (
				D36278B838068310A650C83D /* Pods-LocationAt App.debug.xcconfig */,
				11872E13D3D88C75573E2439 /* Pods-LocationAt App.release.xcconfig */,
			);
			path = Pods;
			sourceTree = "<group>";
		};
		A5535573258CD4C50071CE72 = {
			isa = PBXGroup;
			children = (
				A553557E258CD4C50071CE72 /* LocationAt App */,
				A553557D258CD4C50071CE72 /* Products */,
				70529EA309D3A3020DCABA52 /* Pods */,
				2945145D3AED68E8F312C8B9 /* Frameworks */,
			);
			sourceTree = "<group>";
		};
		A553557D258CD4C50071CE72 /* Products */ = {
			isa = PBXGroup;
			children = (
				A553557C258CD4C50071CE72 /* LocationAt App.app */,
			);
			name = Products;
			sourceTree = "<group>";
		};
		A553557E258CD4C50071CE72 /* LocationAt App */ = {
			isa = PBXGroup;
			children = (
				A553557F258CD4C50071CE72 /* AppDelegate.swift */,
				A5535581258CD4C50071CE72 /* SceneDelegate.swift */,
				A55355C0258D1DEF0071CE72 /* Model */,
				A55355C1258D1DFE0071CE72 /* View */,
				A55355BF258D1DE20071CE72 /* Controller */,
				A55355C3258D1E260071CE72 /* Storyboard */,
				A5535588258CD4C60071CE72 /* Assets.xcassets */,
				A553558D258CD4C60071CE72 /* Info.plist */,
			);
			path = "LocationAt App";
			sourceTree = "<group>";
		};
		A55355BF258D1DE20071CE72 /* Controller */ = {
			isa = PBXGroup;
			children = (
				A5535583258CD4C50071CE72 /* PlacesViewController.swift */,
				A51BDE9E258FB27D003099A8 /* PlacesViewController + CollectionViews.swift */,
				A51BDE95258FAE84003099A8 /* PlacesViewController + GetLocation.swift */,
				A51BDE9B258FB220003099A8 /* PlacesViewController + Searching.swift */,
				A51BDEBF259133BB003099A8 /* DetailsViewController.swift */,
			);
			path = Controller;
			sourceTree = "<group>";
		};
		A55355C0258D1DEF0071CE72 /* Model */ = {
			isa = PBXGroup;
			children = (
				A57FB9792592201C005817FE /* Constants.swift */,
				A55355D1258E193E0071CE72 /* Places.swift */,
				A57FB97425920F82005817FE /* Weather.swift */,
				A55355D4258E19ED0071CE72 /* NetworkService.swift */,
			);
			path = Model;
			sourceTree = "<group>";
		};
		A55355C1258D1DFE0071CE72 /* View */ = {
			isa = PBXGroup;
			children = (
				A55355C6258D21B20071CE72 /* PlacesCell.swift */,
				A55355C9258D22630071CE72 /* CategoriesCell.swift */,
				A55355CF258D2A3A0071CE72 /* SearchBar */,
			);
			path = View;
			sourceTree = "<group>";
		};
		A55355C3258D1E260071CE72 /* Storyboard */ = {
			isa = PBXGroup;
			children = (
				A5535585258CD4C50071CE72 /* Main.storyboard */,
				A553558A258CD4C60071CE72 /* LaunchScreen.storyboard */,
			);
			path = Storyboard;
			sourceTree = "<group>";
		};
		A55355CF258D2A3A0071CE72 /* SearchBar */ = {
			isa = PBXGroup;
			children = (
				A55355CC258D2A240071CE72 /* SearchBar.swift */,
			);
			path = SearchBar;
			sourceTree = "<group>";
		};
/* End PBXGroup section */

/* Begin PBXNativeTarget section */
		A553557B258CD4C50071CE72 /* LocationAt App */ = {
			isa = PBXNativeTarget;
			buildConfigurationList = A5535590258CD4C60071CE72 /* Build configuration list for PBXNativeTarget "LocationAt App" */;
			buildPhases = (
				D675F0B134DE6B36714A84B5 /* [CP] Check Pods Manifest.lock */,
				A5535578258CD4C50071CE72 /* Sources */,
				A5535579258CD4C50071CE72 /* Frameworks */,
				A553557A258CD4C50071CE72 /* Resources */,
				109D37F1F6537EE5366F8266 /* [CP] Embed Pods Frameworks */,
			);
			buildRules = (
			);
			dependencies = (
			);
			name = "LocationAt App";
			productName = "LocationAt App";
			productReference = A553557C258CD4C50071CE72 /* LocationAt App.app */;
			productType = "com.apple.product-type.application";
		};
/* End PBXNativeTarget section */

/* Begin PBXProject section */
		A5535574258CD4C50071CE72 /* Project object */ = {
			isa = PBXProject;
			attributes = {
				LastSwiftUpdateCheck = 1200;
				LastUpgradeCheck = 1200;
				TargetAttributes = {
					A553557B258CD4C50071CE72 = {
						CreatedOnToolsVersion = 12.0.1;
					};
				};
			};
			buildConfigurationList = A5535577258CD4C50071CE72 /* Build configuration list for PBXProject "LocationAt App" */;
			compatibilityVersion = "Xcode 9.3";
			developmentRegion = en;
			hasScannedForEncodings = 0;
			knownRegions = (
				en,
				Base,
			);
			mainGroup = A5535573258CD4C50071CE72;
			productRefGroup = A553557D258CD4C50071CE72 /* Products */;
			projectDirPath = "";
			projectRoot = "";
			targets = (
				A553557B258CD4C50071CE72 /* LocationAt App */,
			);
		};
/* End PBXProject section */

/* Begin PBXResourcesBuildPhase section */
		A553557A258CD4C50071CE72 /* Resources */ = {
			isa = PBXResourcesBuildPhase;
			buildActionMask = 2147483647;
			files = (
				A553558C258CD4C60071CE72 /* LaunchScreen.storyboard in Resources */,
				A5535589258CD4C60071CE72 /* Assets.xcassets in Resources */,
				A5535587258CD4C50071CE72 /* Main.storyboard in Resources */,
			);
			runOnlyForDeploymentPostprocessing = 0;
		};
/* End PBXResourcesBuildPhase section */

/* Begin PBXShellScriptBuildPhase section */
		109D37F1F6537EE5366F8266 /* [CP] Embed Pods Frameworks */ = {
			isa = PBXShellScriptBuildPhase;
			buildActionMask = 2147483647;
			files = (
			);
			inputFileListPaths = (
				"${PODS_ROOT}/Target Support Files/Pods-LocationAt App/Pods-LocationAt App-frameworks-${CONFIGURATION}-input-files.xcfilelist",
			);
			name = "[CP] Embed Pods Frameworks";
			outputFileListPaths = (
				"${PODS_ROOT}/Target Support Files/Pods-LocationAt App/Pods-LocationAt App-frameworks-${CONFIGURATION}-output-files.xcfilelist",
			);
			runOnlyForDeploymentPostprocessing = 0;
			shellPath = /bin/sh;
			shellScript = "\"${PODS_ROOT}/Target Support Files/Pods-LocationAt App/Pods-LocationAt App-frameworks.sh\"\n";
			showEnvVarsInLog = 0;
		};
		D675F0B134DE6B36714A84B5 /* [CP] Check Pods Manifest.lock */ = {
			isa = PBXShellScriptBuildPhase;
			buildActionMask = 2147483647;
			files = (
			);
			inputFileListPaths = (
			);
			inputPaths = (
				"${PODS_PODFILE_DIR_PATH}/Podfile.lock",
				"${PODS_ROOT}/Manifest.lock",
			);
			name = "[CP] Check Pods Manifest.lock";
			outputFileListPaths = (
			);
			outputPaths = (
				"$(DERIVED_FILE_DIR)/Pods-LocationAt App-checkManifestLockResult.txt",
			);
			runOnlyForDeploymentPostprocessing = 0;
			shellPath = /bin/sh;
			shellScript = "diff \"${PODS_PODFILE_DIR_PATH}/Podfile.lock\" \"${PODS_ROOT}/Manifest.lock\" > /dev/null\nif [ $? != 0 ] ; then\n    # print error to STDERR\n    echo \"error: The sandbox is not in sync with the Podfile.lock. Run 'pod install' or update your CocoaPods installation.\" >&2\n    exit 1\nfi\n# This output is used by Xcode 'outputs' to avoid re-running this script phase.\necho \"SUCCESS\" > \"${SCRIPT_OUTPUT_FILE_0}\"\n";
			showEnvVarsInLog = 0;
		};
/* End PBXShellScriptBuildPhase section */

/* Begin PBXSourcesBuildPhase section */
		A5535578258CD4C50071CE72 /* Sources */ = {
			isa = PBXSourcesBuildPhase;
			buildActionMask = 2147483647;
			files = (
				A51BDE9F258FB27D003099A8 /* PlacesViewController + CollectionViews.swift in Sources */,
				A55355CA258D22630071CE72 /* CategoriesCell.swift in Sources */,
				A5535584258CD4C50071CE72 /* PlacesViewController.swift in Sources */,
				A5535580258CD4C50071CE72 /* AppDelegate.swift in Sources */,
				A55355D2258E193E0071CE72 /* Places.swift in Sources */,
				A55355D5258E19ED0071CE72 /* NetworkService.swift in Sources */,
				A51BDE9C258FB220003099A8 /* PlacesViewController + Searching.swift in Sources */,
				A51BDE96258FAE84003099A8 /* PlacesViewController + GetLocation.swift in Sources */,
				A57FB97525920F82005817FE /* Weather.swift in Sources */,
				A5535582258CD4C50071CE72 /* SceneDelegate.swift in Sources */,
				A55355C7258D21B20071CE72 /* PlacesCell.swift in Sources */,
				A57FB97A2592201C005817FE /* Constants.swift in Sources */,
				A55355CD258D2A240071CE72 /* SearchBar.swift in Sources */,
				A51BDEC0259133BB003099A8 /* DetailsViewController.swift in Sources */,
			);
			runOnlyForDeploymentPostprocessing = 0;
		};
/* End PBXSourcesBuildPhase section */

/* Begin PBXVariantGroup section */
		A5535585258CD4C50071CE72 /* Main.storyboard */ = {
			isa = PBXVariantGroup;
			children = (
				A5535586258CD4C50071CE72 /* Base */,
			);
			name = Main.storyboard;
			sourceTree = "<group>";
		};
		A553558A258CD4C60071CE72 /* LaunchScreen.storyboard */ = {
			isa = PBXVariantGroup;
			children = (
				A553558B258CD4C60071CE72 /* Base */,
			);
			name = LaunchScreen.storyboard;
			sourceTree = "<group>";
		};
/* End PBXVariantGroup section */

/* Begin XCBuildConfiguration section */
		A553558E258CD4C60071CE72 /* Debug */ = {
			isa = XCBuildConfiguration;
			buildSettings = {
				ALWAYS_SEARCH_USER_PATHS = NO;
				CLANG_ANALYZER_NONNULL = YES;
				CLANG_ANALYZER_NUMBER_OBJECT_CONVERSION = YES_AGGRESSIVE;
				CLANG_CXX_LANGUAGE_STANDARD = "gnu++14";
				CLANG_CXX_LIBRARY = "libc++";
				CLANG_ENABLE_MODULES = YES;
				CLANG_ENABLE_OBJC_ARC = YES;
				CLANG_ENABLE_OBJC_WEAK = YES;
				CLANG_WARN_BLOCK_CAPTURE_AUTORELEASING = YES;
				CLANG_WARN_BOOL_CONVERSION = YES;
				CLANG_WARN_COMMA = YES;
				CLANG_WARN_CONSTANT_CONVERSION = YES;
				CLANG_WARN_DEPRECATED_OBJC_IMPLEMENTATIONS = YES;
				CLANG_WARN_DIRECT_OBJC_ISA_USAGE = YES_ERROR;
				CLANG_WARN_DOCUMENTATION_COMMENTS = YES;
				CLANG_WARN_EMPTY_BODY = YES;
				CLANG_WARN_ENUM_CONVERSION = YES;
				CLANG_WARN_INFINITE_RECURSION = YES;
				CLANG_WARN_INT_CONVERSION = YES;
				CLANG_WARN_NON_LITERAL_NULL_CONVERSION = YES;
				CLANG_WARN_OBJC_IMPLICIT_RETAIN_SELF = YES;
				CLANG_WARN_OBJC_LITERAL_CONVERSION = YES;
				CLANG_WARN_OBJC_ROOT_CLASS = YES_ERROR;
				CLANG_WARN_QUOTED_INCLUDE_IN_FRAMEWORK_HEADER = YES;
				CLANG_WARN_RANGE_LOOP_ANALYSIS = YES;
				CLANG_WARN_STRICT_PROTOTYPES = YES;
				CLANG_WARN_SUSPICIOUS_MOVE = YES;
				CLANG_WARN_UNGUARDED_AVAILABILITY = YES_AGGRESSIVE;
				CLANG_WARN_UNREACHABLE_CODE = YES;
				CLANG_WARN__DUPLICATE_METHOD_MATCH = YES;
				COPY_PHASE_STRIP = NO;
				DEBUG_INFORMATION_FORMAT = dwarf;
				ENABLE_STRICT_OBJC_MSGSEND = YES;
				ENABLE_TESTABILITY = YES;
				GCC_C_LANGUAGE_STANDARD = gnu11;
				GCC_DYNAMIC_NO_PIC = NO;
				GCC_NO_COMMON_BLOCKS = YES;
				GCC_OPTIMIZATION_LEVEL = 0;
				GCC_PREPROCESSOR_DEFINITIONS = (
					"DEBUG=1",
					"$(inherited)",
				);
				GCC_WARN_64_TO_32_BIT_CONVERSION = YES;
				GCC_WARN_ABOUT_RETURN_TYPE = YES_ERROR;
				GCC_WARN_UNDECLARED_SELECTOR = YES;
				GCC_WARN_UNINITIALIZED_AUTOS = YES_AGGRESSIVE;
				GCC_WARN_UNUSED_FUNCTION = YES;
				GCC_WARN_UNUSED_VARIABLE = YES;
				IPHONEOS_DEPLOYMENT_TARGET = 13.5;
				MTL_ENABLE_DEBUG_INFO = INCLUDE_SOURCE;
				MTL_FAST_MATH = YES;
				ONLY_ACTIVE_ARCH = YES;
				SDKROOT = iphoneos;
				SWIFT_ACTIVE_COMPILATION_CONDITIONS = DEBUG;
				SWIFT_OPTIMIZATION_LEVEL = "-Onone";
			};
			name = Debug;
		};
		A553558F258CD4C60071CE72 /* Release */ = {
			isa = XCBuildConfiguration;
			buildSettings = {
				ALWAYS_SEARCH_USER_PATHS = NO;
				CLANG_ANALYZER_NONNULL = YES;
				CLANG_ANALYZER_NUMBER_OBJECT_CONVERSION = YES_AGGRESSIVE;
				CLANG_CXX_LANGUAGE_STANDARD = "gnu++14";
				CLANG_CXX_LIBRARY = "libc++";
				CLANG_ENABLE_MODULES = YES;
				CLANG_ENABLE_OBJC_ARC = YES;
				CLANG_ENABLE_OBJC_WEAK = YES;
				CLANG_WARN_BLOCK_CAPTURE_AUTORELEASING = YES;
				CLANG_WARN_BOOL_CONVERSION = YES;
				CLANG_WARN_COMMA = YES;
				CLANG_WARN_CONSTANT_CONVERSION = YES;
				CLANG_WARN_DEPRECATED_OBJC_IMPLEMENTATIONS = YES;
				CLANG_WARN_DIRECT_OBJC_ISA_USAGE = YES_ERROR;
				CLANG_WARN_DOCUMENTATION_COMMENTS = YES;
				CLANG_WARN_EMPTY_BODY = YES;
				CLANG_WARN_ENUM_CONVERSION = YES;
				CLANG_WARN_INFINITE_RECURSION = YES;
				CLANG_WARN_INT_CONVERSION = YES;
				CLANG_WARN_NON_LITERAL_NULL_CONVERSION = YES;
				CLANG_WARN_OBJC_IMPLICIT_RETAIN_SELF = YES;
				CLANG_WARN_OBJC_LITERAL_CONVERSION = YES;
				CLANG_WARN_OBJC_ROOT_CLASS = YES_ERROR;
				CLANG_WARN_QUOTED_INCLUDE_IN_FRAMEWORK_HEADER = YES;
				CLANG_WARN_RANGE_LOOP_ANALYSIS = YES;
				CLANG_WARN_STRICT_PROTOTYPES = YES;
				CLANG_WARN_SUSPICIOUS_MOVE = YES;
				CLANG_WARN_UNGUARDED_AVAILABILITY = YES_AGGRESSIVE;
				CLANG_WARN_UNREACHABLE_CODE = YES;
				CLANG_WARN__DUPLICATE_METHOD_MATCH = YES;
				COPY_PHASE_STRIP = NO;
				DEBUG_INFORMATION_FORMAT = "dwarf-with-dsym";
				ENABLE_NS_ASSERTIONS = NO;
				ENABLE_STRICT_OBJC_MSGSEND = YES;
				GCC_C_LANGUAGE_STANDARD = gnu11;
				GCC_NO_COMMON_BLOCKS = YES;
				GCC_WARN_64_TO_32_BIT_CONVERSION = YES;
				GCC_WARN_ABOUT_RETURN_TYPE = YES_ERROR;
				GCC_WARN_UNDECLARED_SELECTOR = YES;
				GCC_WARN_UNINITIALIZED_AUTOS = YES_AGGRESSIVE;
				GCC_WARN_UNUSED_FUNCTION = YES;
				GCC_WARN_UNUSED_VARIABLE = YES;
				IPHONEOS_DEPLOYMENT_TARGET = 13.5;
				MTL_ENABLE_DEBUG_INFO = NO;
				MTL_FAST_MATH = YES;
				SDKROOT = iphoneos;
				SWIFT_COMPILATION_MODE = wholemodule;
				SWIFT_OPTIMIZATION_LEVEL = "-O";
				VALIDATE_PRODUCT = YES;
			};
			name = Release;
		};
		A5535591258CD4C60071CE72 /* Debug */ = {
			isa = XCBuildConfiguration;
			baseConfigurationReference = D36278B838068310A650C83D /* Pods-LocationAt App.debug.xcconfig */;
			buildSettings = {
				ASSETCATALOG_COMPILER_APPICON_NAME = AppIcon;
				ASSETCATALOG_COMPILER_GLOBAL_ACCENT_COLOR_NAME = AccentColor;
				CODE_SIGN_STYLE = Automatic;
				DEVELOPMENT_TEAM = 6W4MA25Y33;
				INFOPLIST_FILE = "LocationAt App/Info.plist";
				LD_RUNPATH_SEARCH_PATHS = (
					"$(inherited)",
					"@executable_path/Frameworks",
				);
				PRODUCT_BUNDLE_IDENTIFIER = "com.jawaLed.LocationAt-App";
				PRODUCT_NAME = "$(TARGET_NAME)";
				SWIFT_VERSION = 5.0;
				TARGETED_DEVICE_FAMILY = "1,2";
			};
			name = Debug;
		};
		A5535592258CD4C60071CE72 /* Release */ = {
			isa = XCBuildConfiguration;
			baseConfigurationReference = 11872E13D3D88C75573E2439 /* Pods-LocationAt App.release.xcconfig */;
			buildSettings = {
				ASSETCATALOG_COMPILER_APPICON_NAME = AppIcon;
				ASSETCATALOG_COMPILER_GLOBAL_ACCENT_COLOR_NAME = AccentColor;
				CODE_SIGN_STYLE = Automatic;
				DEVELOPMENT_TEAM = 6W4MA25Y33;
				INFOPLIST_FILE = "LocationAt App/Info.plist";
				LD_RUNPATH_SEARCH_PATHS = (
					"$(inherited)",
					"@executable_path/Frameworks",
				);
				PRODUCT_BUNDLE_IDENTIFIER = "com.jawaLed.LocationAt-App";
				PRODUCT_NAME = "$(TARGET_NAME)";
				SWIFT_VERSION = 5.0;
				TARGETED_DEVICE_FAMILY = "1,2";
			};
			name = Release;
		};
/* End XCBuildConfiguration section */

/* Begin XCConfigurationList section */
		A5535577258CD4C50071CE72 /* Build configuration list for PBXProject "LocationAt App" */ = {
			isa = XCConfigurationList;
			buildConfigurations = (
				A553558E258CD4C60071CE72 /* Debug */,
				A553558F258CD4C60071CE72 /* Release */,
			);
			defaultConfigurationIsVisible = 0;
			defaultConfigurationName = Release;
		};
		A5535590258CD4C60071CE72 /* Build configuration list for PBXNativeTarget "LocationAt App" */ = {
			isa = XCConfigurationList;
			buildConfigurations = (
				A5535591258CD4C60071CE72 /* Debug */,
				A5535592258CD4C60071CE72 /* Release */,
			);
			defaultConfigurationIsVisible = 0;
			defaultConfigurationName = Release;
		};
/* End XCConfigurationList section */
	};
	rootObject = A5535574258CD4C50071CE72 /* Project object */;
}
